
Microsoft Visual Studio Solution File, Format Version 12.00
# Visual Studio Version 17
VisualStudioVersion = 17.0.31903.59
MinimumVisualStudioVersion = 10.0.40219.1
Project("{FAE04EC0-301F-11D3-BF4B-00C04F79EFBC}") = "Asala.Api", "Asala.Api\Asala.Api.csproj", "{FBB8F7F8-C8AF-4A96-B500-FB42DFB95C54}"
EndProject
Project("{FAE04EC0-301F-11D3-BF4B-00C04F79EFBC}") = "Asala.UseCases", "Asala.UseCases\Asala.UseCases.csproj", "{61444C98-2A04-4BFF-9E8E-E34AA29E7AB4}"
EndProject
Project("{FAE04EC0-301F-11D3-BF4B-00C04F79EFBC}") = "Asala.Core", "Asala.Core\Asala.Core.csproj", "{B1031A18-B8F7-4F68-A051-D05AD85788E5}"
EndProject
Global
	GlobalSection(SolutionConfigurationPlatforms) = preSolution
		Debug|Any CPU = Debug|Any CPU
		Release|Any CPU = Release|Any CPU
	EndGlobalSection
	GlobalSection(ProjectConfigurationPlatforms) = postSolution
		{FBB8F7F8-C8AF-4A96-B500-FB42DFB95C54}.Debug|Any CPU.ActiveCfg = Debug|Any CPU
		{FBB8F7F8-C8AF-4A96-B500-FB42DFB95C54}.Debug|Any CPU.Build.0 = Debug|Any CPU
		{FBB8F7F8-C8AF-4A96-B500-FB42DFB95C54}.Release|Any CPU.ActiveCfg = Release|Any CPU
		{FBB8F7F8-C8AF-4A96-B500-FB42DFB95C54}.Release|Any CPU.Build.0 = Release|Any CPU
		{61444C98-2A04-4BFF-9E8E-E34AA29E7AB4}.Debug|Any CPU.ActiveCfg = Debug|Any CPU
		{61444C98-2A04-4BFF-9E8E-E34AA29E7AB4}.Debug|Any CPU.Build.0 = Debug|Any CPU
		{61444C98-2A04-4BFF-9E8E-E34AA29E7AB4}.Release|Any CPU.ActiveCfg = Release|Any CPU
		{61444C98-2A04-4BFF-9E8E-E34AA29E7AB4}.Release|Any CPU.Build.0 = Release|Any CPU
		{B1031A18-B8F7-4F68-A051-D05AD85788E5}.Debug|Any CPU.ActiveCfg = Debug|Any CPU
		{B1031A18-B8F7-4F68-A051-D05AD85788E5}.Debug|Any CPU.Build.0 = Debug|Any CPU
		{B1031A18-B8F7-4F68-A051-D05AD85788E5}.Release|Any CPU.ActiveCfg = Release|Any CPU
		{B1031A18-B8F7-4F68-A051-D05AD85788E5}.Release|Any CPU.Build.0 = Release|Any CPU
	EndGlobalSection
	GlobalSection(SolutionProperties) = preSolution
		HideSolutionNode = FALSE
	EndGlobalSection
EndGlobal
